
Microsoft Visual Studio Solution File, Format Version 12.00
# Visual Studio Version 17
VisualStudioVersion = 17.11.35327.3
MinimumVisualStudioVersion = 10.0.40219.1
Project("{2150E333-8FDC-42A3-9474-1A3956D46DE8}") = "Frontend", "Frontend", "{2D24A5E0-1E4C-4EC0-A577-C2E9A8952A29}"
EndProject
Project("{2150E333-8FDC-42A3-9474-1A3956D46DE8}") = "Gateway", "Gateway", "{7EA4CA4F-6A53-408C-A6D0-CF91BB6FD9C1}"
EndProject
Project("{2150E333-8FDC-42A3-9474-1A3956D46DE8}") = "Integration", "Integration", "{3F2E5EEF-33C2-4002-ABD5-C19DE77663D0}"
EndProject
Project("{2150E333-8FDC-42A3-9474-1A3956D46DE8}") = "Services", "Services", "{2E98DBB7-E4C4-4296-B9E2-540357763EF6}"
EndProject
Project("{FAE04EC0-301F-11D3-BF4B-00C04F79EFBC}") = "Mango.Services.CouponAPI", "Mango.Services.CouponAPI\Mango.Services.CouponAPI.csproj", "{4601F08C-3BB9-4F37-9D4F-68B946F6885D}"
EndProject
Global
	GlobalSection(SolutionConfigurationPlatforms) = preSolution
		Debug|Any CPU = Debug|Any CPU
		Release|Any CPU = Release|Any CPU
	EndGlobalSection
	GlobalSection(ProjectConfigurationPlatforms) = postSolution
		{4601F08C-3BB9-4F37-9D4F-68B946F6885D}.Debug|Any CPU.ActiveCfg = Debug|Any CPU
		{4601F08C-3BB9-4F37-9D4F-68B946F6885D}.Debug|Any CPU.Build.0 = Debug|Any CPU
		{4601F08C-3BB9-4F37-9D4F-68B946F6885D}.Release|Any CPU.ActiveCfg = Release|Any CPU
		{4601F08C-3BB9-4F37-9D4F-68B946F6885D}.Release|Any CPU.Build.0 = Release|Any CPU
	EndGlobalSection
	GlobalSection(SolutionProperties) = preSolution
		HideSolutionNode = FALSE
	EndGlobalSection
	GlobalSection(NestedProjects) = preSolution
		{4601F08C-3BB9-4F37-9D4F-68B946F6885D} = {2E98DBB7-E4C4-4296-B9E2-540357763EF6}
	EndGlobalSection
	GlobalSection(ExtensibilityGlobals) = postSolution
		SolutionGuid = {C069BDD3-1AED-4246-A2B3-98D92A91A392}
	EndGlobalSection
EndGlobal
