
Microsoft Visual Studio Solution File, Format Version 12.00
# Visual Studio Version 17
VisualStudioVersion = 17.5.33516.290
MinimumVisualStudioVersion = 10.0.40219.1
Project("{9A19103F-16F7-4668-BE54-9A1E7A4F7556}") = "FirstApiCli", "FirstApiCli.csproj", "{7FC142CE-0D6F-4D50-A86A-C7E4207678D1}"
EndProject
Global
	GlobalSection(SolutionConfigurationPlatforms) = preSolution
		Debug|Any CPU = Debug|Any CPU
		Release|Any CPU = Release|Any CPU
	EndGlobalSection
	GlobalSection(ProjectConfigurationPlatforms) = postSolution
		{7FC142CE-0D6F-4D50-A86A-C7E4207678D1}.Debug|Any CPU.ActiveCfg = Debug|Any CPU
		{7FC142CE-0D6F-4D50-A86A-C7E4207678D1}.Debug|Any CPU.Build.0 = Debug|Any CPU
		{7FC142CE-0D6F-4D50-A86A-C7E4207678D1}.Release|Any CPU.ActiveCfg = Release|Any CPU
		{7FC142CE-0D6F-4D50-A86A-C7E4207678D1}.Release|Any CPU.Build.0 = Release|Any CPU
	EndGlobalSection
	GlobalSection(SolutionProperties) = preSolution
		HideSolutionNode = FALSE
	EndGlobalSection
	GlobalSection(ExtensibilityGlobals) = postSolution
		SolutionGuid = {BB632A18-BBC4-4040-9686-E6700B4B16FB}
	EndGlobalSection
EndGlobal
