
Microsoft Visual Studio Solution File, Format Version 12.00
# Visual Studio Version 17
VisualStudioVersion = 17.5.33516.290
MinimumVisualStudioVersion = 10.0.40219.1
Project("{FAE04EC0-301F-11D3-BF4B-00C04F79EFBC}") = "ActionControllerlearning", "ActionControllerlearning\ActionControllerlearning.csproj", "{A908A368-A16C-402B-AA37-BC97BFFB6F5B}"
EndProject
Global
	GlobalSection(SolutionConfigurationPlatforms) = preSolution
		Debug|Any CPU = Debug|Any CPU
		Release|Any CPU = Release|Any CPU
	EndGlobalSection
	GlobalSection(ProjectConfigurationPlatforms) = postSolution
		{A908A368-A16C-402B-AA37-BC97BFFB6F5B}.Debug|Any CPU.ActiveCfg = Debug|Any CPU
		{A908A368-A16C-402B-AA37-BC97BFFB6F5B}.Debug|Any CPU.Build.0 = Debug|Any CPU
		{A908A368-A16C-402B-AA37-BC97BFFB6F5B}.Release|Any CPU.ActiveCfg = Release|Any CPU
		{A908A368-A16C-402B-AA37-BC97BFFB6F5B}.Release|Any CPU.Build.0 = Release|Any CPU
	EndGlobalSection
	GlobalSection(SolutionProperties) = preSolution
		HideSolutionNode = FALSE
	EndGlobalSection
	GlobalSection(ExtensibilityGlobals) = postSolution
		SolutionGuid = {D237B165-4532-440B-9CC5-44E7C03FA745}
	EndGlobalSection
EndGlobal
